
Microsoft Visual Studio Solution File, Format Version 12.00
# Visual Studio 2012
Project("{FAE04EC0-301F-11D3-BF4B-00C04F79EFBC}") = "DoAnything", "DoAnything\DoAnything.csproj", "{DAFE2647-9A31-46CF-A41D-FEB45B71BF1D}"
EndProject
Global
	GlobalSection(SolutionConfigurationPlatforms) = preSolution
		Debug|Any CPU = Debug|Any CPU
		Release|Any CPU = Release|Any CPU
	EndGlobalSection
	GlobalSection(ProjectConfigurationPlatforms) = postSolution
		{DAFE2647-9A31-46CF-A41D-FEB45B71BF1D}.Debug|Any CPU.ActiveCfg = Debug|Any CPU
		{DAFE2647-9A31-46CF-A41D-FEB45B71BF1D}.Debug|Any CPU.Build.0 = Debug|Any CPU
		{DAFE2647-9A31-46CF-A41D-FEB45B71BF1D}.Release|Any CPU.ActiveCfg = Release|Any CPU
		{DAFE2647-9A31-46CF-A41D-FEB45B71BF1D}.Release|Any CPU.Build.0 = Release|Any CPU
	EndGlobalSection
	GlobalSection(SolutionProperties) = preSolution
		HideSolutionNode = FALSE
	EndGlobalSection
EndGlobal
